version: 2.0
shards:
  nya_serializable:
    git: https://github.com/nya-engine/nya_serializable.git
    version: 0.2.8+git.commit.f42ac383ec2c857fe42c4bd870158605c5b925a5

  silica_core:
    git: https://github.com/unn4m3d/silica_core.git
    version: 0.1.2+git.commit.89bbd86af5c2b69732dc6fccfee7c6b62089c628

  version:
    git: https://github.com/unn4m3d/version.git
    version: 0.1.1

